
Microsoft Visual Studio Solution File, Format Version 12.00
# Visual Studio Version 17
VisualStudioVersion = 17.5.002.0
MinimumVisualStudioVersion = 10.0.40219.1
Project("{9A19103F-16F7-4668-BE54-9A1E7A4F7556}") = "NewTalents", "NewTalents\NewTalents.csproj", "{C5433C30-F517-4978-AA00-FAD98EAB1E4E}"
EndProject
Project("{9A19103F-16F7-4668-BE54-9A1E7A4F7556}") = "NewTalentsTest", "NewTalentsTest\NewTalentsTest.csproj", "{B63D4C38-3219-402F-B61C-F50CAF9D8E8D}"
EndProject
Global
	GlobalSection(SolutionConfigurationPlatforms) = preSolution
		Debug|Any CPU = Debug|Any CPU
		Release|Any CPU = Release|Any CPU
	EndGlobalSection
	GlobalSection(ProjectConfigurationPlatforms) = postSolution
		{C5433C30-F517-4978-AA00-FAD98EAB1E4E}.Debug|Any CPU.ActiveCfg = Debug|Any CPU
		{C5433C30-F517-4978-AA00-FAD98EAB1E4E}.Debug|Any CPU.Build.0 = Debug|Any CPU
		{C5433C30-F517-4978-AA00-FAD98EAB1E4E}.Release|Any CPU.ActiveCfg = Release|Any CPU
		{C5433C30-F517-4978-AA00-FAD98EAB1E4E}.Release|Any CPU.Build.0 = Release|Any CPU
		{B63D4C38-3219-402F-B61C-F50CAF9D8E8D}.Debug|Any CPU.ActiveCfg = Debug|Any CPU
		{B63D4C38-3219-402F-B61C-F50CAF9D8E8D}.Debug|Any CPU.Build.0 = Debug|Any CPU
		{B63D4C38-3219-402F-B61C-F50CAF9D8E8D}.Release|Any CPU.ActiveCfg = Release|Any CPU
		{B63D4C38-3219-402F-B61C-F50CAF9D8E8D}.Release|Any CPU.Build.0 = Release|Any CPU
	EndGlobalSection
	GlobalSection(SolutionProperties) = preSolution
		HideSolutionNode = FALSE
	EndGlobalSection
	GlobalSection(ExtensibilityGlobals) = postSolution
		SolutionGuid = {5B158A6F-B08C-4A24-AB21-88D069FFD7ED}
	EndGlobalSection
EndGlobal
